
Microsoft Visual Studio Solution File, Format Version 12.00
# Visual Studio Version 17
VisualStudioVersion = 17.9.34723.18
MinimumVisualStudioVersion = 10.0.40219.1
Project("{FAE04EC0-301F-11D3-BF4B-00C04F79EFBC}") = "net8-rules-engine", "net8-rules-engine\net8-rules-engine.csproj", "{BE1764BA-8487-432F-9B16-ED0B247BBBE2}"
EndProject
Global
	GlobalSection(SolutionConfigurationPlatforms) = preSolution
		Debug|Any CPU = Debug|Any CPU
		Release|Any CPU = Release|Any CPU
	EndGlobalSection
	GlobalSection(ProjectConfigurationPlatforms) = postSolution
		{BE1764BA-8487-432F-9B16-ED0B247BBBE2}.Debug|Any CPU.ActiveCfg = Debug|Any CPU
		{BE1764BA-8487-432F-9B16-ED0B247BBBE2}.Debug|Any CPU.Build.0 = Debug|Any CPU
		{BE1764BA-8487-432F-9B16-ED0B247BBBE2}.Release|Any CPU.ActiveCfg = Release|Any CPU
		{BE1764BA-8487-432F-9B16-ED0B247BBBE2}.Release|Any CPU.Build.0 = Release|Any CPU
	EndGlobalSection
	GlobalSection(SolutionProperties) = preSolution
		HideSolutionNode = FALSE
	EndGlobalSection
	GlobalSection(ExtensibilityGlobals) = postSolution
		SolutionGuid = {BA1517AF-F661-440D-B27E-E162B06C6A02}
	EndGlobalSection
EndGlobal
